
Microsoft Visual Studio Solution File, Format Version 12.00
# Visual Studio 15
VisualStudioVersion = 15.0.28307.1972
MinimumVisualStudioVersion = 10.0.40219.1
Project("{8BC9CEB8-8B4A-11D0-8D11-00A0C91BC942}") = "sim24", "sim24.vcxproj", "{42088BC7-EB00-4D4D-B1C8-D5806E4B9597}"
EndProject
Global
	GlobalSection(SolutionConfigurationPlatforms) = preSolution
		Debug|x64 = Debug|x64
		Debug|x86 = Debug|x86
		Release|x64 = Release|x64
		Release|x86 = Release|x86
	EndGlobalSection
	GlobalSection(ProjectConfigurationPlatforms) = postSolution
		{42088BC7-EB00-4D4D-B1C8-D5806E4B9597}.Debug|x64.ActiveCfg = Debug|x64
		{42088BC7-EB00-4D4D-B1C8-D5806E4B9597}.Debug|x64.Build.0 = Debug|x64
		{42088BC7-EB00-4D4D-B1C8-D5806E4B9597}.Debug|x86.ActiveCfg = Debug|Win32
		{42088BC7-EB00-4D4D-B1C8-D5806E4B9597}.Debug|x86.Build.0 = Debug|Win32
		{42088BC7-EB00-4D4D-B1C8-D5806E4B9597}.Release|x64.ActiveCfg = Release|x64
		{42088BC7-EB00-4D4D-B1C8-D5806E4B9597}.Release|x64.Build.0 = Release|x64
		{42088BC7-EB00-4D4D-B1C8-D5806E4B9597}.Release|x86.ActiveCfg = Release|Win32
		{42088BC7-EB00-4D4D-B1C8-D5806E4B9597}.Release|x86.Build.0 = Release|Win32
	EndGlobalSection
	GlobalSection(SolutionProperties) = preSolution
		HideSolutionNode = FALSE
	EndGlobalSection
	GlobalSection(ExtensibilityGlobals) = postSolution
		SolutionGuid = {DB22C484-D123-4AE5-9790-E2BEBF3099E9}
	EndGlobalSection
EndGlobal
